{
  "name": "math-ops-sst",
  "version": "1.0.1",
  "lockfileVersion": 3,
  "requires": true,
  "packages": {
    "": {
      "name": "math-ops-sst",
      "version": "1.0.1",
      "license": "ISC",
      "dependencies": {
        "math-ops-sst": "^1.0.1"
      }
    },
    "node_modules/math-ops-sst": {
      "version": "1.0.1",
      "resolved": "https://registry.npmjs.org/math-ops-sst/-/math-ops-sst-1.0.1.tgz",
      "integrity": "sha512-NGT79NDuNB9l1HlKVJwdU5LTfaGwXHckD9uxgWsoKakjY/wEv2EezS+0vImq2ysrHCkgPLR3VSx7pAYYliUuBQ=="
    }
  }
}
